// !$*UTF8*$!
{
	archiveVersion = 1;
	classes = {
	};
	objectVersion = 48;
	objects = {

/* Begin PBXBuildFile section */
		7250D76C2062443400F64A46 /* AppDelegate.swift in Sources */ = {isa = PBXBuildFile; fileRef = 7250D76B2062443400F64A46 /* AppDelegate.swift */; };
		7250D76E2062443400F64A46 /* ViewController.swift in Sources */ = {isa = PBXBuildFile; fileRef = 7250D76D2062443400F64A46 /* ViewController.swift */; };
		7250D7712062443400F64A46 /* Main.storyboard in Resources */ = {isa = PBXBuildFile; fileRef = 7250D76F2062443400F64A46 /* Main.storyboard */; };
		7250D7732062443400F64A46 /* Assets.xcassets in Resources */ = {isa = PBXBuildFile; fileRef = 7250D7722062443400F64A46 /* Assets.xcassets */; };
		7250D7762062443400F64A46 /* LaunchScreen.storyboard in Resources */ = {isa = PBXBuildFile; fileRef = 7250D7742062443400F64A46 /* LaunchScreen.storyboard */; };
		7250D781206247FF00F64A46 /* MyGPS.gpx in Resources */ = {isa = PBXBuildFile; fileRef = 7250D780206247FF00F64A46 /* MyGPS.gpx */; };
		7271008F2064C50A00FFABCD /* coffee_to_go.png in Resources */ = {isa = PBXBuildFile; fileRef = 727100882064C50900FFABCD /* coffee_to_go.png */; };
		727100902064C50A00FFABCD /* 乘龍.png in Resources */ = {isa = PBXBuildFile; fileRef = 727100892064C50900FFABCD /* 乘龍.png */; };
		727100912064C50A00FFABCD /* 卡比獸.png in Resources */ = {isa = PBXBuildFile; fileRef = 7271008A2064C50900FFABCD /* 卡比獸.png */; };
		727100922064C50A00FFABCD /* 吉利蛋.png in Resources */ = {isa = PBXBuildFile; fileRef = 7271008B2064C50900FFABCD /* 吉利蛋.png */; };
		727100932064C50A00FFABCD /* 噴火龍.png in Resources */ = {isa = PBXBuildFile; fileRef = 7271008C2064C50900FFABCD /* 噴火龍.png */; };
		727100942064C50A00FFABCD /* 快龍.png in Resources */ = {isa = PBXBuildFile; fileRef = 7271008D2064C50900FFABCD /* 快龍.png */; };
		727100952064C50A00FFABCD /* 水箭龜.png in Resources */ = {isa = PBXBuildFile; fileRef = 7271008E2064C50900FFABCD /* 水箭龜.png */; };
		72D67C112064CBF300DDC5F4 /* wuling.jpg in Resources */ = {isa = PBXBuildFile; fileRef = 72D67C102064CBF300DDC5F4 /* wuling.jpg */; };
/* End PBXBuildFile section */

/* Begin PBXFileReference section */
		7250D7682062443400F64A46 /* MyAppleView.app */ = {isa = PBXFileReference; explicitFileType = wrapper.application; includeInIndex = 0; path = MyAppleView.app; sourceTree = BUILT_PRODUCTS_DIR; };
		7250D76B2062443400F64A46 /* AppDelegate.swift */ = {isa = PBXFileReference; lastKnownFileType = sourcecode.swift; path = AppDelegate.swift; sourceTree = "<group>"; };
		7250D76D2062443400F64A46 /* ViewController.swift */ = {isa = PBXFileReference; lastKnownFileType = sourcecode.swift; path = ViewController.swift; sourceTree = "<group>"; };
		7250D7702062443400F64A46 /* Base */ = {isa = PBXFileReference; lastKnownFileType = file.storyboard; name = Base; path = Base.lproj/Main.storyboard; sourceTree = "<group>"; };
		7250D7722062443400F64A46 /* Assets.xcassets */ = {isa = PBXFileReference; lastKnownFileType = folder.assetcatalog; path = Assets.xcassets; sourceTree = "<group>"; };
		7250D7752062443400F64A46 /* Base */ = {isa = PBXFileReference; lastKnownFileType = file.storyboard; name = Base; path = Base.lproj/LaunchScreen.storyboard; sourceTree = "<group>"; };
		7250D7772062443400F64A46 /* Info.plist */ = {isa = PBXFileReference; lastKnownFileType = text.plist.xml; path = Info.plist; sourceTree = "<group>"; };
		7250D780206247FF00F64A46 /* MyGPS.gpx */ = {isa = PBXFileReference; fileEncoding = 4; lastKnownFileType = text.xml; path = MyGPS.gpx; sourceTree = "<group>"; };
		727100882064C50900FFABCD /* coffee_to_go.png */ = {isa = PBXFileReference; lastKnownFileType = image.png; path = coffee_to_go.png; sourceTree = "<group>"; };
		727100892064C50900FFABCD /* 乘龍.png */ = {isa = PBXFileReference; lastKnownFileType = image.png; path = "乘龍.png"; sourceTree = "<group>"; };
		7271008A2064C50900FFABCD /* 卡比獸.png */ = {isa = PBXFileReference; lastKnownFileType = image.png; path = "卡比獸.png"; sourceTree = "<group>"; };
		7271008B2064C50900FFABCD /* 吉利蛋.png */ = {isa = PBXFileReference; lastKnownFileType = image.png; path = "吉利蛋.png"; sourceTree = "<group>"; };
		7271008C2064C50900FFABCD /* 噴火龍.png */ = {isa = PBXFileReference; lastKnownFileType = image.png; path = "噴火龍.png"; sourceTree = "<group>"; };
		7271008D2064C50900FFABCD /* 快龍.png */ = {isa = PBXFileReference; lastKnownFileType = image.png; path = "快龍.png"; sourceTree = "<group>"; };
		7271008E2064C50900FFABCD /* 水箭龜.png */ = {isa = PBXFileReference; lastKnownFileType = image.png; path = "水箭龜.png"; sourceTree = "<group>"; };
		72D67C102064CBF300DDC5F4 /* wuling.jpg */ = {isa = PBXFileReference; lastKnownFileType = image.jpeg; path = wuling.jpg; sourceTree = "<group>"; };
/* End PBXFileReference section */

/* Begin PBXFrameworksBuildPhase section */
		7250D7652062443400F64A46 /* Frameworks */ = {
			isa = PBXFrameworksBuildPhase;
			buildActionMask = 2147483647;
			files = (
			);
			runOnlyForDeploymentPostprocessing = 0;
		};
/* End PBXFrameworksBuildPhase section */

/* Begin PBXGroup section */
		7250D75F2062443400F64A46 = {
			isa = PBXGroup;
			children = (
				7250D76A2062443400F64A46 /* MyAppleView */,
				7250D7692062443400F64A46 /* Products */,
				7250D77D2062447500F64A46 /* Frameworks */,
			);
			sourceTree = "<group>";
		};
		7250D7692062443400F64A46 /* Products */ = {
			isa = PBXGroup;
			children = (
				7250D7682062443400F64A46 /* MyAppleView.app */,
			);
			name = Products;
			sourceTree = "<group>";
		};
		7250D76A2062443400F64A46 /* MyAppleView */ = {
			isa = PBXGroup;
			children = (
				727100872064C50900FFABCD /* images */,
				7250D76B2062443400F64A46 /* AppDelegate.swift */,
				7250D76D2062443400F64A46 /* ViewController.swift */,
				7250D76F2062443400F64A46 /* Main.storyboard */,
				7250D7722062443400F64A46 /* Assets.xcassets */,
				7250D7742062443400F64A46 /* LaunchScreen.storyboard */,
				7250D780206247FF00F64A46 /* MyGPS.gpx */,
				7250D7772062443400F64A46 /* Info.plist */,
			);
			path = MyAppleView;
			sourceTree = "<group>";
		};
		7250D77D2062447500F64A46 /* Frameworks */ = {
			isa = PBXGroup;
			children = (
			);
			name = Frameworks;
			sourceTree = "<group>";
		};
		727100872064C50900FFABCD /* images */ = {
			isa = PBXGroup;
			children = (
				72D67C102064CBF300DDC5F4 /* wuling.jpg */,
				727100882064C50900FFABCD /* coffee_to_go.png */,
				727100892064C50900FFABCD /* 乘龍.png */,
				7271008A2064C50900FFABCD /* 卡比獸.png */,
				7271008B2064C50900FFABCD /* 吉利蛋.png */,
				7271008C2064C50900FFABCD /* 噴火龍.png */,
				7271008D2064C50900FFABCD /* 快龍.png */,
				7271008E2064C50900FFABCD /* 水箭龜.png */,
			);
			path = images;
			sourceTree = "<group>";
		};
/* End PBXGroup section */

/* Begin PBXNativeTarget section */
		7250D7672062443400F64A46 /* MyAppleView */ = {
			isa = PBXNativeTarget;
			buildConfigurationList = 7250D77A2062443400F64A46 /* Build configuration list for PBXNativeTarget "MyAppleView" */;
			buildPhases = (
				7250D7642062443400F64A46 /* Sources */,
				7250D7652062443400F64A46 /* Frameworks */,
				7250D7662062443400F64A46 /* Resources */,
			);
			buildRules = (
			);
			dependencies = (
			);
			name = MyAppleView;
			productName = MyAppleView;
			productReference = 7250D7682062443400F64A46 /* MyAppleView.app */;
			productType = "com.apple.product-type.application";
		};
/* End PBXNativeTarget section */

/* Begin PBXProject section */
		7250D7602062443400F64A46 /* Project object */ = {
			isa = PBXProject;
			attributes = {
				LastSwiftUpdateCheck = 0920;
				LastUpgradeCheck = 0920;
				ORGANIZATIONNAME = KaiChieh;
				TargetAttributes = {
					7250D7672062443400F64A46 = {
						CreatedOnToolsVersion = 9.2;
						ProvisioningStyle = Automatic;
						SystemCapabilities = {
							com.apple.Maps.iOS = {
								enabled = 0;
							};
						};
					};
				};
			};
			buildConfigurationList = 7250D7632062443400F64A46 /* Build configuration list for PBXProject "MyAppleView" */;
			compatibilityVersion = "Xcode 8.0";
			developmentRegion = en;
			hasScannedForEncodings = 0;
			knownRegions = (
				en,
				Base,
			);
			mainGroup = 7250D75F2062443400F64A46;
			productRefGroup = 7250D7692062443400F64A46 /* Products */;
			projectDirPath = "";
			projectRoot = "";
			targets = (
				7250D7672062443400F64A46 /* MyAppleView */,
			);
		};
/* End PBXProject section */

/* Begin PBXResourcesBuildPhase section */
		7250D7662062443400F64A46 /* Resources */ = {
			isa = PBXResourcesBuildPhase;
			buildActionMask = 2147483647;
			files = (
				727100932064C50A00FFABCD /* 噴火龍.png in Resources */,
				727100912064C50A00FFABCD /* 卡比獸.png in Resources */,
				727100902064C50A00FFABCD /* 乘龍.png in Resources */,
				7271008F2064C50A00FFABCD /* coffee_to_go.png in Resources */,
				7250D7762062443400F64A46 /* LaunchScreen.storyboard in Resources */,
				727100942064C50A00FFABCD /* 快龍.png in Resources */,
				7250D7732062443400F64A46 /* Assets.xcassets in Resources */,
				72D67C112064CBF300DDC5F4 /* wuling.jpg in Resources */,
				7250D781206247FF00F64A46 /* MyGPS.gpx in Resources */,
				727100952064C50A00FFABCD /* 水箭龜.png in Resources */,
				7250D7712062443400F64A46 /* Main.storyboard in Resources */,
				727100922064C50A00FFABCD /* 吉利蛋.png in Resources */,
			);
			runOnlyForDeploymentPostprocessing = 0;
		};
/* End PBXResourcesBuildPhase section */

/* Begin PBXSourcesBuildPhase section */
		7250D7642062443400F64A46 /* Sources */ = {
			isa = PBXSourcesBuildPhase;
			buildActionMask = 2147483647;
			files = (
				7250D76E2062443400F64A46 /* ViewController.swift in Sources */,
				7250D76C2062443400F64A46 /* AppDelegate.swift in Sources */,
			);
			runOnlyForDeploymentPostprocessing = 0;
		};
/* End PBXSourcesBuildPhase section */

/* Begin PBXVariantGroup section */
		7250D76F2062443400F64A46 /* Main.storyboard */ = {
			isa = PBXVariantGroup;
			children = (
				7250D7702062443400F64A46 /* Base */,
			);
			name = Main.storyboard;
			sourceTree = "<group>";
		};
		7250D7742062443400F64A46 /* LaunchScreen.storyboard */ = {
			isa = PBXVariantGroup;
			children = (
				7250D7752062443400F64A46 /* Base */,
			);
			name = LaunchScreen.storyboard;
			sourceTree = "<group>";
		};
/* End PBXVariantGroup section */

/* Begin XCBuildConfiguration section */
		7250D7782062443400F64A46 /* Debug */ = {
			isa = XCBuildConfiguration;
			buildSettings = {
				ALWAYS_SEARCH_USER_PATHS = NO;
				CLANG_ANALYZER_NONNULL = YES;
				CLANG_ANALYZER_NUMBER_OBJECT_CONVERSION = YES_AGGRESSIVE;
				CLANG_CXX_LANGUAGE_STANDARD = "gnu++14";
				CLANG_CXX_LIBRARY = "libc++";
				CLANG_ENABLE_MODULES = YES;
				CLANG_ENABLE_OBJC_ARC = YES;
				CLANG_WARN_BLOCK_CAPTURE_AUTORELEASING = YES;
				CLANG_WARN_BOOL_CONVERSION = YES;
				CLANG_WARN_COMMA = YES;
				CLANG_WARN_CONSTANT_CONVERSION = YES;
				CLANG_WARN_DIRECT_OBJC_ISA_USAGE = YES_ERROR;
				CLANG_WARN_DOCUMENTATION_COMMENTS = YES;
				CLANG_WARN_EMPTY_BODY = YES;
				CLANG_WARN_ENUM_CONVERSION = YES;
				CLANG_WARN_INFINITE_RECURSION = YES;
				CLANG_WARN_INT_CONVERSION = YES;
				CLANG_WARN_NON_LITERAL_NULL_CONVERSION = YES;
				CLANG_WARN_OBJC_LITERAL_CONVERSION = YES;
				CLANG_WARN_OBJC_ROOT_CLASS = YES_ERROR;
				CLANG_WARN_RANGE_LOOP_ANALYSIS = YES;
				CLANG_WARN_STRICT_PROTOTYPES = YES;
				CLANG_WARN_SUSPICIOUS_MOVE = YES;
				CLANG_WARN_UNGUARDED_AVAILABILITY = YES_AGGRESSIVE;
				CLANG_WARN_UNREACHABLE_CODE = YES;
				CLANG_WARN__DUPLICATE_METHOD_MATCH = YES;
				CODE_SIGN_IDENTITY = "iPhone Developer";
				COPY_PHASE_STRIP = NO;
				DEBUG_INFORMATION_FORMAT = dwarf;
				ENABLE_STRICT_OBJC_MSGSEND = YES;
				ENABLE_TESTABILITY = YES;
				GCC_C_LANGUAGE_STANDARD = gnu11;
				GCC_DYNAMIC_NO_PIC = NO;
				GCC_NO_COMMON_BLOCKS = YES;
				GCC_OPTIMIZATION_LEVEL = 0;
				GCC_PREPROCESSOR_DEFINITIONS = (
					"DEBUG=1",
					"$(inherited)",
				);
				GCC_WARN_64_TO_32_BIT_CONVERSION = YES;
				GCC_WARN_ABOUT_RETURN_TYPE = YES_ERROR;
				GCC_WARN_UNDECLARED_SELECTOR = YES;
				GCC_WARN_UNINITIALIZED_AUTOS = YES_AGGRESSIVE;
				GCC_WARN_UNUSED_FUNCTION = YES;
				GCC_WARN_UNUSED_VARIABLE = YES;
				IPHONEOS_DEPLOYMENT_TARGET = 11.2;
				MTL_ENABLE_DEBUG_INFO = YES;
				ONLY_ACTIVE_ARCH = YES;
				SDKROOT = iphoneos;
				SWIFT_ACTIVE_COMPILATION_CONDITIONS = DEBUG;
				SWIFT_OPTIMIZATION_LEVEL = "-Onone";
			};
			name = Debug;
		};
		7250D7792062443400F64A46 /* Release */ = {
			isa = XCBuildConfiguration;
			buildSettings = {
				ALWAYS_SEARCH_USER_PATHS = NO;
				CLANG_ANALYZER_NONNULL = YES;
				CLANG_ANALYZER_NUMBER_OBJECT_CONVERSION = YES_AGGRESSIVE;
				CLANG_CXX_LANGUAGE_STANDARD = "gnu++14";
				CLANG_CXX_LIBRARY = "libc++";
				CLANG_ENABLE_MODULES = YES;
				CLANG_ENABLE_OBJC_ARC = YES;
				CLANG_WARN_BLOCK_CAPTURE_AUTORELEASING = YES;
				CLANG_WARN_BOOL_CONVERSION = YES;
				CLANG_WARN_COMMA = YES;
				CLANG_WARN_CONSTANT_CONVERSION = YES;
				CLANG_WARN_DIRECT_OBJC_ISA_USAGE = YES_ERROR;
				CLANG_WARN_DOCUMENTATION_COMMENTS = YES;
				CLANG_WARN_EMPTY_BODY = YES;
				CLANG_WARN_ENUM_CONVERSION = YES;
				CLANG_WARN_INFINITE_RECURSION = YES;
				CLANG_WARN_INT_CONVERSION = YES;
				CLANG_WARN_NON_LITERAL_NULL_CONVERSION = YES;
				CLANG_WARN_OBJC_LITERAL_CONVERSION = YES;
				CLANG_WARN_OBJC_ROOT_CLASS = YES_ERROR;
				CLANG_WARN_RANGE_LOOP_ANALYSIS = YES;
				CLANG_WARN_STRICT_PROTOTYPES = YES;
				CLANG_WARN_SUSPICIOUS_MOVE = YES;
				CLANG_WARN_UNGUARDED_AVAILABILITY = YES_AGGRESSIVE;
				CLANG_WARN_UNREACHABLE_CODE = YES;
				CLANG_WARN__DUPLICATE_METHOD_MATCH = YES;
				CODE_SIGN_IDENTITY = "iPhone Developer";
				COPY_PHASE_STRIP = NO;
				DEBUG_INFORMATION_FORMAT = "dwarf-with-dsym";
				ENABLE_NS_ASSERTIONS = NO;
				ENABLE_STRICT_OBJC_MSGSEND = YES;
				GCC_C_LANGUAGE_STANDARD = gnu11;
				GCC_NO_COMMON_BLOCKS = YES;
				GCC_WARN_64_TO_32_BIT_CONVERSION = YES;
				GCC_WARN_ABOUT_RETURN_TYPE = YES_ERROR;
				GCC_WARN_UNDECLARED_SELECTOR = YES;
				GCC_WARN_UNINITIALIZED_AUTOS = YES_AGGRESSIVE;
				GCC_WARN_UNUSED_FUNCTION = YES;
				GCC_WARN_UNUSED_VARIABLE = YES;
				IPHONEOS_DEPLOYMENT_TARGET = 11.2;
				MTL_ENABLE_DEBUG_INFO = NO;
				SDKROOT = iphoneos;
				SWIFT_OPTIMIZATION_LEVEL = "-Owholemodule";
				VALIDATE_PRODUCT = YES;
			};
			name = Release;
		};
		7250D77B2062443400F64A46 /* Debug */ = {
			isa = XCBuildConfiguration;
			buildSettings = {
				ASSETCATALOG_COMPILER_APPICON_NAME = AppIcon;
				CODE_SIGN_STYLE = Automatic;
				DEVELOPMENT_TEAM = 2DV9652W7L;
				INFOPLIST_FILE = MyAppleView/Info.plist;
				LD_RUNPATH_SEARCH_PATHS = "$(inherited) @executable_path/Frameworks";
				PRODUCT_BUNDLE_IDENTIFIER = tw.com.yvtc.HKC.MyAppleView;
				PRODUCT_NAME = "$(TARGET_NAME)";
				SWIFT_VERSION = 4.0;
				TARGETED_DEVICE_FAMILY = "1,2";
			};
			name = Debug;
		};
		7250D77C2062443400F64A46 /* Release */ = {
			isa = XCBuildConfiguration;
			buildSettings = {
				ASSETCATALOG_COMPILER_APPICON_NAME = AppIcon;
				CODE_SIGN_STYLE = Automatic;
				DEVELOPMENT_TEAM = 2DV9652W7L;
				INFOPLIST_FILE = MyAppleView/Info.plist;
				LD_RUNPATH_SEARCH_PATHS = "$(inherited) @executable_path/Frameworks";
				PRODUCT_BUNDLE_IDENTIFIER = tw.com.yvtc.HKC.MyAppleView;
				PRODUCT_NAME = "$(TARGET_NAME)";
				SWIFT_VERSION = 4.0;
				TARGETED_DEVICE_FAMILY = "1,2";
			};
			name = Release;
		};
/* End XCBuildConfiguration section */

/* Begin XCConfigurationList section */
		7250D7632062443400F64A46 /* Build configuration list for PBXProject "MyAppleView" */ = {
			isa = XCConfigurationList;
			buildConfigurations = (
				7250D7782062443400F64A46 /* Debug */,
				7250D7792062443400F64A46 /* Release */,
			);
			defaultConfigurationIsVisible = 0;
			defaultConfigurationName = Release;
		};
		7250D77A2062443400F64A46 /* Build configuration list for PBXNativeTarget "MyAppleView" */ = {
			isa = XCConfigurationList;
			buildConfigurations = (
				7250D77B2062443400F64A46 /* Debug */,
				7250D77C2062443400F64A46 /* Release */,
			);
			defaultConfigurationIsVisible = 0;
			defaultConfigurationName = Release;
		};
/* End XCConfigurationList section */
	};
	rootObject = 7250D7602062443400F64A46 /* Project object */;
}
